
Microsoft Visual Studio Solution File, Format Version 12.00
# Visual Studio Version 16
VisualStudioVersion = 16.0.30225.117
MinimumVisualStudioVersion = 10.0.40219.1
Project("{8BC9CEB8-8B4A-11D0-8D11-00A0C91BC942}") = "ConsolerRedirector", "ConsolerRedirector\ConsolerRedirector.vcxproj", "{EA7C81DE-AF06-4906-ADD3-1CA148F6E37F}"
EndProject
Global
	GlobalSection(SolutionConfigurationPlatforms) = preSolution
		Debug|x64 = Debug|x64
		Debug|x86 = Debug|x86
		Release|x64 = Release|x64
		Release|x86 = Release|x86
	EndGlobalSection
	GlobalSection(ProjectConfigurationPlatforms) = postSolution
		{EA7C81DE-AF06-4906-ADD3-1CA148F6E37F}.Debug|x64.ActiveCfg = Debug|x64
		{EA7C81DE-AF06-4906-ADD3-1CA148F6E37F}.Debug|x64.Build.0 = Debug|x64
		{EA7C81DE-AF06-4906-ADD3-1CA148F6E37F}.Debug|x86.ActiveCfg = Debug|Win32
		{EA7C81DE-AF06-4906-ADD3-1CA148F6E37F}.Debug|x86.Build.0 = Debug|Win32
		{EA7C81DE-AF06-4906-ADD3-1CA148F6E37F}.Release|x64.ActiveCfg = Release|x64
		{EA7C81DE-AF06-4906-ADD3-1CA148F6E37F}.Release|x64.Build.0 = Release|x64
		{EA7C81DE-AF06-4906-ADD3-1CA148F6E37F}.Release|x86.ActiveCfg = Release|Win32
		{EA7C81DE-AF06-4906-ADD3-1CA148F6E37F}.Release|x86.Build.0 = Release|Win32
	EndGlobalSection
	GlobalSection(SolutionProperties) = preSolution
		HideSolutionNode = FALSE
	EndGlobalSection
	GlobalSection(ExtensibilityGlobals) = postSolution
		SolutionGuid = {357DE73C-AA1F-4EE8-8AF2-716CE2F85F9D}
	EndGlobalSection
EndGlobal
